
Microsoft Visual Studio Solution File, Format Version 12.00
# Visual Studio 15
VisualStudioVersion = 15.0.28010.2050
MinimumVisualStudioVersion = 10.0.40219.1
Project("{FAE04EC0-301F-11D3-BF4B-00C04F79EFBC}") = "TCP", "TCP\TCP.csproj", "{1CEF0B75-1AC2-4D16-9E53-2667E9BCF852}"
	ProjectSection(ProjectDependencies) = postProject
		{A1D2ED87-B00A-43EC-9CB3-842A925A27A1} = {A1D2ED87-B00A-43EC-9CB3-842A925A27A1}
	EndProjectSection
EndProject
Project("{FAE04EC0-301F-11D3-BF4B-00C04F79EFBC}") = "AsyncTcp", "AsyncTcp\AsyncTcp.csproj", "{A1D2ED87-B00A-43EC-9CB3-842A925A27A1}"
EndProject
Global
	GlobalSection(SolutionConfigurationPlatforms) = preSolution
		Debug|Any CPU = Debug|Any CPU
		Release|Any CPU = Release|Any CPU
	EndGlobalSection
	GlobalSection(ProjectConfigurationPlatforms) = postSolution
		{1CEF0B75-1AC2-4D16-9E53-2667E9BCF852}.Debug|Any CPU.ActiveCfg = Debug|Any CPU
		{1CEF0B75-1AC2-4D16-9E53-2667E9BCF852}.Debug|Any CPU.Build.0 = Debug|Any CPU
		{1CEF0B75-1AC2-4D16-9E53-2667E9BCF852}.Release|Any CPU.ActiveCfg = Release|Any CPU
		{1CEF0B75-1AC2-4D16-9E53-2667E9BCF852}.Release|Any CPU.Build.0 = Release|Any CPU
		{A1D2ED87-B00A-43EC-9CB3-842A925A27A1}.Debug|Any CPU.ActiveCfg = Debug|Any CPU
		{A1D2ED87-B00A-43EC-9CB3-842A925A27A1}.Debug|Any CPU.Build.0 = Debug|Any CPU
		{A1D2ED87-B00A-43EC-9CB3-842A925A27A1}.Release|Any CPU.ActiveCfg = Release|Any CPU
		{A1D2ED87-B00A-43EC-9CB3-842A925A27A1}.Release|Any CPU.Build.0 = Release|Any CPU
	EndGlobalSection
	GlobalSection(SolutionProperties) = preSolution
		HideSolutionNode = FALSE
	EndGlobalSection
	GlobalSection(ExtensibilityGlobals) = postSolution
		SolutionGuid = {BE7DBA3D-F438-4C7A-A677-D753475AE8A8}
	EndGlobalSection
EndGlobal
