
Microsoft Visual Studio Solution File, Format Version 12.00
# Visual Studio 15
VisualStudioVersion = 15.0.27703.2047
MinimumVisualStudioVersion = 10.0.40219.1
Project("{FAE04EC0-301F-11D3-BF4B-00C04F79EFBC}") = "NJDSClient", "NJDSClient\NJDSClient.csproj", "{7715913B-92EE-49D9-B6A8-4D2F67000418}"
EndProject
Project("{FAE04EC0-301F-11D3-BF4B-00C04F79EFBC}") = "WcfHelper", "WcfHelper\WcfHelper.csproj", "{BC199DE0-693C-4601-87F3-C34C15BA0368}"
EndProject
Project("{FAE04EC0-301F-11D3-BF4B-00C04F79EFBC}") = "KEDAClient", "KEDAClient\KEDAClient.csproj", "{85C717F5-4C23-498C-BA5D-A7D43D557FF1}"
EndProject
Project("{54435603-DBB4-11D2-8724-00A0C9A8B90C}") = "WCS", "WCS\WCS.vdproj", "{70EA162F-8BD9-432F-A8E2-CE969CE81F0E}"
EndProject
Global
	GlobalSection(SolutionConfigurationPlatforms) = preSolution
		Debug|Any CPU = Debug|Any CPU
		Release|Any CPU = Release|Any CPU
	EndGlobalSection
	GlobalSection(ProjectConfigurationPlatforms) = postSolution
		{7715913B-92EE-49D9-B6A8-4D2F67000418}.Debug|Any CPU.ActiveCfg = Debug|Any CPU
		{7715913B-92EE-49D9-B6A8-4D2F67000418}.Debug|Any CPU.Build.0 = Debug|Any CPU
		{7715913B-92EE-49D9-B6A8-4D2F67000418}.Release|Any CPU.ActiveCfg = Release|Any CPU
		{7715913B-92EE-49D9-B6A8-4D2F67000418}.Release|Any CPU.Build.0 = Release|Any CPU
		{BC199DE0-693C-4601-87F3-C34C15BA0368}.Debug|Any CPU.ActiveCfg = Debug|Any CPU
		{BC199DE0-693C-4601-87F3-C34C15BA0368}.Debug|Any CPU.Build.0 = Debug|Any CPU
		{BC199DE0-693C-4601-87F3-C34C15BA0368}.Release|Any CPU.ActiveCfg = Release|Any CPU
		{BC199DE0-693C-4601-87F3-C34C15BA0368}.Release|Any CPU.Build.0 = Release|Any CPU
		{85C717F5-4C23-498C-BA5D-A7D43D557FF1}.Debug|Any CPU.ActiveCfg = Debug|Any CPU
		{85C717F5-4C23-498C-BA5D-A7D43D557FF1}.Debug|Any CPU.Build.0 = Debug|Any CPU
		{85C717F5-4C23-498C-BA5D-A7D43D557FF1}.Release|Any CPU.ActiveCfg = Release|Any CPU
		{85C717F5-4C23-498C-BA5D-A7D43D557FF1}.Release|Any CPU.Build.0 = Release|Any CPU
		{70EA162F-8BD9-432F-A8E2-CE969CE81F0E}.Debug|Any CPU.ActiveCfg = Debug
		{70EA162F-8BD9-432F-A8E2-CE969CE81F0E}.Release|Any CPU.ActiveCfg = Release
	EndGlobalSection
	GlobalSection(SolutionProperties) = preSolution
		HideSolutionNode = FALSE
	EndGlobalSection
	GlobalSection(ExtensibilityGlobals) = postSolution
		SolutionGuid = {167135D8-E561-44F4-A7E4-F49BFAD1E56A}
	EndGlobalSection
EndGlobal
